// !$*UTF8*$!
{
	archiveVersion = 1;
	classes = {
	};
	objectVersion = 55;
	objects = {

/* Begin PBXBuildFile section */
		4314EDF628D85DD800431770 /* SidebarGroupCellView.xib in Resources */ = {isa = PBXBuildFile; fileRef = 4314EDF528D85DD800431770 /* SidebarGroupCellView.xib */; };
		4314EDF828D85E0E00431770 /* SidebarGroupCellView.swift in Sources */ = {isa = PBXBuildFile; fileRef = 4314EDF728D85E0E00431770 /* SidebarGroupCellView.swift */; };
		43196F8A28F1DAB2003C793B /* TopicDetailView.swift in Sources */ = {isa = PBXBuildFile; fileRef = 43196F8928F1DAB2003C793B /* TopicDetailView.swift */; };
		43196F8C28F1DB94003C793B /* GroupDetailView.swift in Sources */ = {isa = PBXBuildFile; fileRef = 43196F8B28F1DB94003C793B /* GroupDetailView.swift */; };
		431C697F28F2C1A70082986A /* StringExtensions.swift in Sources */ = {isa = PBXBuildFile; fileRef = 431C697E28F2C1A70082986A /* StringExtensions.swift */; };
		431C698228F2E0C60082986A /* NewTopicFormViewController.swift in Sources */ = {isa = PBXBuildFile; fileRef = 431C698028F2E0C60082986A /* NewTopicFormViewController.swift */; };
		431C698328F2E0C60082986A /* NewTopicFormViewController.xib in Resources */ = {isa = PBXBuildFile; fileRef = 431C698128F2E0C60082986A /* NewTopicFormViewController.xib */; };
		4322BBD92924DED8002358C3 /* Editor.swift in Sources */ = {isa = PBXBuildFile; fileRef = 4322BBD82924DED8002358C3 /* Editor.swift */; };
		432C24632903F03B00C6F336 /* Error.swift in Sources */ = {isa = PBXBuildFile; fileRef = 432C24622903F03B00C6F336 /* Error.swift */; };
		433C5E8B29066310005F4C4B /* Infos.swift in Sources */ = {isa = PBXBuildFile; fileRef = 433C5E8A29066310005F4C4B /* Infos.swift */; };
		43453F3D291505A6000CE90E /* Timed.swift in Sources */ = {isa = PBXBuildFile; fileRef = 43453F3C291505A6000CE90E /* Timed.swift */; };
		436E71FA28D7511400ECBF49 /* WorkspaceWindowController.swift in Sources */ = {isa = PBXBuildFile; fileRef = 436E71F828D7511400ECBF49 /* WorkspaceWindowController.swift */; };
		436E71FB28D7511400ECBF49 /* WorkspaceWindowController.xib in Resources */ = {isa = PBXBuildFile; fileRef = 436E71F928D7511400ECBF49 /* WorkspaceWindowController.xib */; };
		436E720228D759F400ECBF49 /* WorkspaceSidebarViewController.swift in Sources */ = {isa = PBXBuildFile; fileRef = 436E720028D759F400ECBF49 /* WorkspaceSidebarViewController.swift */; };
		436E720328D759F400ECBF49 /* WorkspaceSidebarViewController.xib in Resources */ = {isa = PBXBuildFile; fileRef = 436E720128D759F400ECBF49 /* WorkspaceSidebarViewController.xib */; };
		436E720628D75B0500ECBF49 /* WorkspaceDetailViewController.swift in Sources */ = {isa = PBXBuildFile; fileRef = 436E720428D75B0500ECBF49 /* WorkspaceDetailViewController.swift */; };
		436E720728D75B0500ECBF49 /* WorkspaceDetailViewController.xib in Resources */ = {isa = PBXBuildFile; fileRef = 436E720528D75B0500ECBF49 /* WorkspaceDetailViewController.xib */; };
		436E720D28D760BF00ECBF49 /* SidebarEntryCellView.swift in Sources */ = {isa = PBXBuildFile; fileRef = 436E720C28D760BF00ECBF49 /* SidebarEntryCellView.swift */; };
		436E720F28D760D400ECBF49 /* SidebarEntryCellView.xib in Resources */ = {isa = PBXBuildFile; fileRef = 436E720E28D760D400ECBF49 /* SidebarEntryCellView.xib */; };
		437887F628E9FE5900D0B263 /* BrokerDetailView.swift in Sources */ = {isa = PBXBuildFile; fileRef = 437887F528E9FE5900D0B263 /* BrokerDetailView.swift */; };
		437A77DF290D5AA1001965B0 /* TopicRecordsTableViewController.swift in Sources */ = {isa = PBXBuildFile; fileRef = 437A77DD290D5AA1001965B0 /* TopicRecordsTableViewController.swift */; };
		437A77E0290D5AA1001965B0 /* TopicRecordsTableViewController.xib in Resources */ = {isa = PBXBuildFile; fileRef = 437A77DE290D5AA1001965B0 /* TopicRecordsTableViewController.xib */; };
		43804AB428D19ACD002880FE /* WelcomeWindowConnectionsViewController.swift in Sources */ = {isa = PBXBuildFile; fileRef = 43804AB228D19ACD002880FE /* WelcomeWindowConnectionsViewController.swift */; };
		43804AB528D19ACD002880FE /* WelcomeWindowConnectionsViewController.xib in Resources */ = {isa = PBXBuildFile; fileRef = 43804AB328D19ACD002880FE /* WelcomeWindowConnectionsViewController.xib */; };
		43804AB728D1A014002880FE /* ConnectionTableCellView.swift in Sources */ = {isa = PBXBuildFile; fileRef = 43804AB628D1A014002880FE /* ConnectionTableCellView.swift */; };
		43804AB928D1A026002880FE /* ConnectionTableCellView.xib in Resources */ = {isa = PBXBuildFile; fileRef = 43804AB828D1A026002880FE /* ConnectionTableCellView.xib */; };
		438241B12911A9EB00BCC6E3 /* FranzCocoaUITests.swift in Sources */ = {isa = PBXBuildFile; fileRef = 438241B02911A9EB00BCC6E3 /* FranzCocoaUITests.swift */; };
		438241B32911A9EB00BCC6E3 /* FranzCocoaUITestsLaunchTests.swift in Sources */ = {isa = PBXBuildFile; fileRef = 438241B22911A9EB00BCC6E3 /* FranzCocoaUITestsLaunchTests.swift */; };
		4395503828FD45B000CC0050 /* GroupOffsetsOutlineViewController.swift in Sources */ = {isa = PBXBuildFile; fileRef = 4395503628FD45B000CC0050 /* GroupOffsetsOutlineViewController.swift */; };
		4395503928FD45B000CC0050 /* GroupOffsetsOutlineViewController.xib in Resources */ = {isa = PBXBuildFile; fileRef = 4395503728FD45B000CC0050 /* GroupOffsetsOutlineViewController.xib */; };
		4396EADA290576A300A15D25 /* ResourceConfigTableViewController.swift in Sources */ = {isa = PBXBuildFile; fileRef = 4396EAD8290576A300A15D25 /* ResourceConfigTableViewController.swift */; };
		4396EADB290576A300A15D25 /* ResourceConfigTableViewController.xib in Resources */ = {isa = PBXBuildFile; fileRef = 4396EAD9290576A300A15D25 /* ResourceConfigTableViewController.xib */; };
		4396EAE12905B0D200A15D25 /* Tabs.swift in Sources */ = {isa = PBXBuildFile; fileRef = 4396EAE02905B0D200A15D25 /* Tabs.swift */; };
		439D6EB1292F7741005C9935 /* UpdatesProgressWindowController.swift in Sources */ = {isa = PBXBuildFile; fileRef = 439D6EAF292F7741005C9935 /* UpdatesProgressWindowController.swift */; };
		439D6EB2292F7741005C9935 /* UpdatesProgressWindowController.xib in Resources */ = {isa = PBXBuildFile; fileRef = 439D6EB0292F7741005C9935 /* UpdatesProgressWindowController.xib */; };
		43CBADD4290FB8D70066C7CE /* PublishRecordFormViewController.swift in Sources */ = {isa = PBXBuildFile; fileRef = 43CBADD2290FB8D70066C7CE /* PublishRecordFormViewController.swift */; };
		43CBADD5290FB8D70066C7CE /* PublishRecordFormViewController.xib in Resources */ = {isa = PBXBuildFile; fileRef = 43CBADD3290FB8D70066C7CE /* PublishRecordFormViewController.xib */; };
		43CD621928CE24B000095144 /* AppDelegate.swift in Sources */ = {isa = PBXBuildFile; fileRef = 43CD621828CE24B000095144 /* AppDelegate.swift */; };
		43CD621B28CE24B100095144 /* Assets.xcassets in Resources */ = {isa = PBXBuildFile; fileRef = 43CD621A28CE24B100095144 /* Assets.xcassets */; };
		43CD621E28CE24B100095144 /* MainMenu.xib in Resources */ = {isa = PBXBuildFile; fileRef = 43CD621C28CE24B100095144 /* MainMenu.xib */; };
		43CD622928CE251F00095144 /* Noise in Frameworks */ = {isa = PBXBuildFile; productRef = 43CD622828CE251F00095144 /* Noise */; };
		43CD622B28CE251F00095144 /* NoiseBackend in Frameworks */ = {isa = PBXBuildFile; productRef = 43CD622A28CE251F00095144 /* NoiseBackend */; };
		43CD622D28CE251F00095144 /* NoiseSerde in Frameworks */ = {isa = PBXBuildFile; productRef = 43CD622C28CE251F00095144 /* NoiseSerde */; };
		43CD622F28CE258100095144 /* Backend.swift in Sources */ = {isa = PBXBuildFile; fileRef = 43CD622E28CE258100095144 /* Backend.swift */; };
		43CD623128CE258F00095144 /* BackendExtensions.swift in Sources */ = {isa = PBXBuildFile; fileRef = 43CD623028CE258F00095144 /* BackendExtensions.swift */; };
		43CD623328CE25F300095144 /* resources in Resources */ = {isa = PBXBuildFile; fileRef = 43CD623228CE25F300095144 /* resources */; };
		43CD623728CE27B200095144 /* WindowManager.swift in Sources */ = {isa = PBXBuildFile; fileRef = 43CD623628CE27B200095144 /* WindowManager.swift */; };
		43CD623A28CE27DB00095144 /* WelcomeWindowController.xib in Resources */ = {isa = PBXBuildFile; fileRef = 43CD623828CE27DB00095144 /* WelcomeWindowController.xib */; };
		43CD623B28CE27DB00095144 /* WelcomeWindowController.swift in Sources */ = {isa = PBXBuildFile; fileRef = 43CD623928CE27DB00095144 /* WelcomeWindowController.swift */; };
		43CD623E28CE282400095144 /* WelcomeWindowContentViewController.swift in Sources */ = {isa = PBXBuildFile; fileRef = 43CD623D28CE282400095144 /* WelcomeWindowContentViewController.swift */; };
		43CD623F28CE289F00095144 /* WelcomeWindowContentViewController.xib in Resources */ = {isa = PBXBuildFile; fileRef = 43CD623C28CE282400095144 /* WelcomeWindowContentViewController.xib */; };
		43CD624828CE3B5D00095144 /* ConnectionDetailsFormViewController.swift in Sources */ = {isa = PBXBuildFile; fileRef = 43CD624628CE3B5D00095144 /* ConnectionDetailsFormViewController.swift */; };
		43CD624928CE3B5D00095144 /* ConnectionDetailsFormViewController.xib in Resources */ = {isa = PBXBuildFile; fileRef = 43CD624728CE3B5D00095144 /* ConnectionDetailsFormViewController.xib */; };
		43D03DD428FAC6030049D44D /* Keychain.swift in Sources */ = {isa = PBXBuildFile; fileRef = 43D03DD328FAC6030049D44D /* Keychain.swift */; };
		43D03DD628FAFE3B0049D44D /* Notifications.swift in Sources */ = {isa = PBXBuildFile; fileRef = 43D03DD528FAFE3B0049D44D /* Notifications.swift */; };
		43D03DD828FB03940049D44D /* Identifiers.swift in Sources */ = {isa = PBXBuildFile; fileRef = 43D03DD728FB03940049D44D /* Identifiers.swift */; };
		43D03DDA28FB05000049D44D /* MainMenu.swift in Sources */ = {isa = PBXBuildFile; fileRef = 43D03DD928FB05000049D44D /* MainMenu.swift */; };
		43D3AEA628FFD8D100D52E92 /* Pasteboard.swift in Sources */ = {isa = PBXBuildFile; fileRef = 43D3AEA528FFD8D100D52E92 /* Pasteboard.swift */; };
		43D3AEA828FFD96500D52E92 /* Defaults.swift in Sources */ = {isa = PBXBuildFile; fileRef = 43D3AEA728FFD96500D52E92 /* Defaults.swift */; };
		43D3AEAB28FFDF3500D52E92 /* PreferencesWindowController.swift in Sources */ = {isa = PBXBuildFile; fileRef = 43D3AEA928FFDF3500D52E92 /* PreferencesWindowController.swift */; };
		43D3AEAC28FFDF3500D52E92 /* PreferencesWindowController.xib in Resources */ = {isa = PBXBuildFile; fileRef = 43D3AEAA28FFDF3500D52E92 /* PreferencesWindowController.xib */; };
		43E5AE8C291245E000C74966 /* DispatchQueue.swift in Sources */ = {isa = PBXBuildFile; fileRef = 43E5AE8B291245E000C74966 /* DispatchQueue.swift */; };
		43E64A082928F2BF00FDBF29 /* ScriptWindowController.swift in Sources */ = {isa = PBXBuildFile; fileRef = 43E64A062928F2BF00FDBF29 /* ScriptWindowController.swift */; };
		43E64A092928F2BF00FDBF29 /* ScriptWindowController.xib in Resources */ = {isa = PBXBuildFile; fileRef = 43E64A072928F2BF00FDBF29 /* ScriptWindowController.xib */; };
		43F987A6292A81D400E5E1DE /* AutoUpdater.swift in Sources */ = {isa = PBXBuildFile; fileRef = 43F987A5292A81D400E5E1DE /* AutoUpdater.swift */; };
		43F987A8292A867B00E5E1DE /* UpdatesWindowController.swift in Sources */ = {isa = PBXBuildFile; fileRef = 43F987A7292A867B00E5E1DE /* UpdatesWindowController.swift */; };
/* End PBXBuildFile section */

/* Begin PBXContainerItemProxy section */
		438241B42911A9EB00BCC6E3 /* PBXContainerItemProxy */ = {
			isa = PBXContainerItemProxy;
			containerPortal = 43CD620D28CE24B000095144 /* Project object */;
			proxyType = 1;
			remoteGlobalIDString = 43CD621428CE24B000095144;
			remoteInfo = Franz;
		};
/* End PBXContainerItemProxy section */

/* Begin PBXFileReference section */
		4314EDF528D85DD800431770 /* SidebarGroupCellView.xib */ = {isa = PBXFileReference; lastKnownFileType = file.xib; path = SidebarGroupCellView.xib; sourceTree = "<group>"; };
		4314EDF728D85E0E00431770 /* SidebarGroupCellView.swift */ = {isa = PBXFileReference; lastKnownFileType = sourcecode.swift; path = SidebarGroupCellView.swift; sourceTree = "<group>"; };
		43196F8928F1DAB2003C793B /* TopicDetailView.swift */ = {isa = PBXFileReference; lastKnownFileType = sourcecode.swift; path = TopicDetailView.swift; sourceTree = "<group>"; };
		43196F8B28F1DB94003C793B /* GroupDetailView.swift */ = {isa = PBXFileReference; lastKnownFileType = sourcecode.swift; path = GroupDetailView.swift; sourceTree = "<group>"; };
		431C697E28F2C1A70082986A /* StringExtensions.swift */ = {isa = PBXFileReference; lastKnownFileType = sourcecode.swift; path = StringExtensions.swift; sourceTree = "<group>"; };
		431C698028F2E0C60082986A /* NewTopicFormViewController.swift */ = {isa = PBXFileReference; lastKnownFileType = sourcecode.swift; path = NewTopicFormViewController.swift; sourceTree = "<group>"; };
		431C698128F2E0C60082986A /* NewTopicFormViewController.xib */ = {isa = PBXFileReference; lastKnownFileType = file.xib; path = NewTopicFormViewController.xib; sourceTree = "<group>"; };
		4322BBD82924DED8002358C3 /* Editor.swift */ = {isa = PBXFileReference; lastKnownFileType = sourcecode.swift; path = Editor.swift; sourceTree = "<group>"; };
		432C24622903F03B00C6F336 /* Error.swift */ = {isa = PBXFileReference; lastKnownFileType = sourcecode.swift; path = Error.swift; sourceTree = "<group>"; };
		433C5E8A29066310005F4C4B /* Infos.swift */ = {isa = PBXFileReference; lastKnownFileType = sourcecode.swift; path = Infos.swift; sourceTree = "<group>"; };
		43453F3C291505A6000CE90E /* Timed.swift */ = {isa = PBXFileReference; lastKnownFileType = sourcecode.swift; path = Timed.swift; sourceTree = "<group>"; };
		436E71F828D7511400ECBF49 /* WorkspaceWindowController.swift */ = {isa = PBXFileReference; lastKnownFileType = sourcecode.swift; path = WorkspaceWindowController.swift; sourceTree = "<group>"; };
		436E71F928D7511400ECBF49 /* WorkspaceWindowController.xib */ = {isa = PBXFileReference; lastKnownFileType = file.xib; path = WorkspaceWindowController.xib; sourceTree = "<group>"; };
		436E720028D759F400ECBF49 /* WorkspaceSidebarViewController.swift */ = {isa = PBXFileReference; lastKnownFileType = sourcecode.swift; path = WorkspaceSidebarViewController.swift; sourceTree = "<group>"; };
		436E720128D759F400ECBF49 /* WorkspaceSidebarViewController.xib */ = {isa = PBXFileReference; lastKnownFileType = file.xib; path = WorkspaceSidebarViewController.xib; sourceTree = "<group>"; };
		436E720428D75B0500ECBF49 /* WorkspaceDetailViewController.swift */ = {isa = PBXFileReference; lastKnownFileType = sourcecode.swift; path = WorkspaceDetailViewController.swift; sourceTree = "<group>"; };
		436E720528D75B0500ECBF49 /* WorkspaceDetailViewController.xib */ = {isa = PBXFileReference; lastKnownFileType = file.xib; path = WorkspaceDetailViewController.xib; sourceTree = "<group>"; };
		436E720C28D760BF00ECBF49 /* SidebarEntryCellView.swift */ = {isa = PBXFileReference; lastKnownFileType = sourcecode.swift; path = SidebarEntryCellView.swift; sourceTree = "<group>"; };
		436E720E28D760D400ECBF49 /* SidebarEntryCellView.xib */ = {isa = PBXFileReference; lastKnownFileType = file.xib; path = SidebarEntryCellView.xib; sourceTree = "<group>"; };
		437887F528E9FE5900D0B263 /* BrokerDetailView.swift */ = {isa = PBXFileReference; lastKnownFileType = sourcecode.swift; path = BrokerDetailView.swift; sourceTree = "<group>"; };
		437A77DD290D5AA1001965B0 /* TopicRecordsTableViewController.swift */ = {isa = PBXFileReference; lastKnownFileType = sourcecode.swift; path = TopicRecordsTableViewController.swift; sourceTree = "<group>"; };
		437A77DE290D5AA1001965B0 /* TopicRecordsTableViewController.xib */ = {isa = PBXFileReference; lastKnownFileType = file.xib; path = TopicRecordsTableViewController.xib; sourceTree = "<group>"; };
		43804AB228D19ACD002880FE /* WelcomeWindowConnectionsViewController.swift */ = {isa = PBXFileReference; lastKnownFileType = sourcecode.swift; path = WelcomeWindowConnectionsViewController.swift; sourceTree = "<group>"; };
		43804AB328D19ACD002880FE /* WelcomeWindowConnectionsViewController.xib */ = {isa = PBXFileReference; lastKnownFileType = file.xib; path = WelcomeWindowConnectionsViewController.xib; sourceTree = "<group>"; };
		43804AB628D1A014002880FE /* ConnectionTableCellView.swift */ = {isa = PBXFileReference; lastKnownFileType = sourcecode.swift; path = ConnectionTableCellView.swift; sourceTree = "<group>"; };
		43804AB828D1A026002880FE /* ConnectionTableCellView.xib */ = {isa = PBXFileReference; lastKnownFileType = file.xib; path = ConnectionTableCellView.xib; sourceTree = "<group>"; };
		438241AE2911A9EB00BCC6E3 /* FranzCocoaUITests.xctest */ = {isa = PBXFileReference; explicitFileType = wrapper.cfbundle; includeInIndex = 0; path = FranzCocoaUITests.xctest; sourceTree = BUILT_PRODUCTS_DIR; };
		438241B02911A9EB00BCC6E3 /* FranzCocoaUITests.swift */ = {isa = PBXFileReference; lastKnownFileType = sourcecode.swift; path = FranzCocoaUITests.swift; sourceTree = "<group>"; };
		438241B22911A9EB00BCC6E3 /* FranzCocoaUITestsLaunchTests.swift */ = {isa = PBXFileReference; lastKnownFileType = sourcecode.swift; path = FranzCocoaUITestsLaunchTests.swift; sourceTree = "<group>"; };
		4395503628FD45B000CC0050 /* GroupOffsetsOutlineViewController.swift */ = {isa = PBXFileReference; lastKnownFileType = sourcecode.swift; path = GroupOffsetsOutlineViewController.swift; sourceTree = "<group>"; };
		4395503728FD45B000CC0050 /* GroupOffsetsOutlineViewController.xib */ = {isa = PBXFileReference; lastKnownFileType = file.xib; path = GroupOffsetsOutlineViewController.xib; sourceTree = "<group>"; };
		4396EAD8290576A300A15D25 /* ResourceConfigTableViewController.swift */ = {isa = PBXFileReference; lastKnownFileType = sourcecode.swift; path = ResourceConfigTableViewController.swift; sourceTree = "<group>"; };
		4396EAD9290576A300A15D25 /* ResourceConfigTableViewController.xib */ = {isa = PBXFileReference; lastKnownFileType = file.xib; path = ResourceConfigTableViewController.xib; sourceTree = "<group>"; };
		4396EAE02905B0D200A15D25 /* Tabs.swift */ = {isa = PBXFileReference; lastKnownFileType = sourcecode.swift; path = Tabs.swift; sourceTree = "<group>"; };
		439D6EAF292F7741005C9935 /* UpdatesProgressWindowController.swift */ = {isa = PBXFileReference; lastKnownFileType = sourcecode.swift; path = UpdatesProgressWindowController.swift; sourceTree = "<group>"; };
		439D6EB0292F7741005C9935 /* UpdatesProgressWindowController.xib */ = {isa = PBXFileReference; lastKnownFileType = file.xib; path = UpdatesProgressWindowController.xib; sourceTree = "<group>"; };
		43CBADD2290FB8D70066C7CE /* PublishRecordFormViewController.swift */ = {isa = PBXFileReference; lastKnownFileType = sourcecode.swift; path = PublishRecordFormViewController.swift; sourceTree = "<group>"; };
		43CBADD3290FB8D70066C7CE /* PublishRecordFormViewController.xib */ = {isa = PBXFileReference; lastKnownFileType = file.xib; path = PublishRecordFormViewController.xib; sourceTree = "<group>"; };
		43CD621528CE24B000095144 /* Franz.app */ = {isa = PBXFileReference; explicitFileType = wrapper.application; includeInIndex = 0; path = Franz.app; sourceTree = BUILT_PRODUCTS_DIR; };
		43CD621828CE24B000095144 /* AppDelegate.swift */ = {isa = PBXFileReference; lastKnownFileType = sourcecode.swift; path = AppDelegate.swift; sourceTree = "<group>"; };
		43CD621A28CE24B100095144 /* Assets.xcassets */ = {isa = PBXFileReference; lastKnownFileType = folder.assetcatalog; path = Assets.xcassets; sourceTree = "<group>"; };
		43CD621D28CE24B100095144 /* Base */ = {isa = PBXFileReference; lastKnownFileType = file.xib; name = Base; path = Base.lproj/MainMenu.xib; sourceTree = "<group>"; };
		43CD621F28CE24B100095144 /* FranzCocoa.entitlements */ = {isa = PBXFileReference; lastKnownFileType = text.plist.entitlements; path = FranzCocoa.entitlements; sourceTree = "<group>"; };
		43CD622E28CE258100095144 /* Backend.swift */ = {isa = PBXFileReference; fileEncoding = 4; lastKnownFileType = sourcecode.swift; path = Backend.swift; sourceTree = "<group>"; };
		43CD623028CE258F00095144 /* BackendExtensions.swift */ = {isa = PBXFileReference; lastKnownFileType = sourcecode.swift; path = BackendExtensions.swift; sourceTree = "<group>"; };
		43CD623228CE25F300095144 /* resources */ = {isa = PBXFileReference; lastKnownFileType = folder; path = resources; sourceTree = "<group>"; };
		43CD623428CE261400095144 /* Noise */ = {isa = PBXFileReference; lastKnownFileType = wrapper; name = Noise; path = ../../sandbox/Noise; sourceTree = "<group>"; };
		43CD623628CE27B200095144 /* WindowManager.swift */ = {isa = PBXFileReference; fileEncoding = 4; lastKnownFileType = sourcecode.swift; path = WindowManager.swift; sourceTree = "<group>"; };
		43CD623828CE27DB00095144 /* WelcomeWindowController.xib */ = {isa = PBXFileReference; fileEncoding = 4; lastKnownFileType = file.xib; path = WelcomeWindowController.xib; sourceTree = "<group>"; };
		43CD623928CE27DB00095144 /* WelcomeWindowController.swift */ = {isa = PBXFileReference; fileEncoding = 4; lastKnownFileType = sourcecode.swift; path = WelcomeWindowController.swift; sourceTree = "<group>"; };
		43CD623C28CE282400095144 /* WelcomeWindowContentViewController.xib */ = {isa = PBXFileReference; lastKnownFileType = file.xib; path = WelcomeWindowContentViewController.xib; sourceTree = "<group>"; };
		43CD623D28CE282400095144 /* WelcomeWindowContentViewController.swift */ = {isa = PBXFileReference; lastKnownFileType = sourcecode.swift; path = WelcomeWindowContentViewController.swift; sourceTree = "<group>"; };
		43CD624628CE3B5D00095144 /* ConnectionDetailsFormViewController.swift */ = {isa = PBXFileReference; lastKnownFileType = sourcecode.swift; path = ConnectionDetailsFormViewController.swift; sourceTree = "<group>"; };
		43CD624728CE3B5D00095144 /* ConnectionDetailsFormViewController.xib */ = {isa = PBXFileReference; lastKnownFileType = file.xib; path = ConnectionDetailsFormViewController.xib; sourceTree = "<group>"; };
		43D03DD328FAC6030049D44D /* Keychain.swift */ = {isa = PBXFileReference; lastKnownFileType = sourcecode.swift; path = Keychain.swift; sourceTree = "<group>"; };
		43D03DD528FAFE3B0049D44D /* Notifications.swift */ = {isa = PBXFileReference; lastKnownFileType = sourcecode.swift; path = Notifications.swift; sourceTree = "<group>"; };
		43D03DD728FB03940049D44D /* Identifiers.swift */ = {isa = PBXFileReference; lastKnownFileType = sourcecode.swift; path = Identifiers.swift; sourceTree = "<group>"; };
		43D03DD928FB05000049D44D /* MainMenu.swift */ = {isa = PBXFileReference; lastKnownFileType = sourcecode.swift; path = MainMenu.swift; sourceTree = "<group>"; };
		43D3AEA528FFD8D100D52E92 /* Pasteboard.swift */ = {isa = PBXFileReference; lastKnownFileType = sourcecode.swift; path = Pasteboard.swift; sourceTree = "<group>"; };
		43D3AEA728FFD96500D52E92 /* Defaults.swift */ = {isa = PBXFileReference; lastKnownFileType = sourcecode.swift; path = Defaults.swift; sourceTree = "<group>"; };
		43D3AEA928FFDF3500D52E92 /* PreferencesWindowController.swift */ = {isa = PBXFileReference; lastKnownFileType = sourcecode.swift; path = PreferencesWindowController.swift; sourceTree = "<group>"; };
		43D3AEAA28FFDF3500D52E92 /* PreferencesWindowController.xib */ = {isa = PBXFileReference; lastKnownFileType = file.xib; path = PreferencesWindowController.xib; sourceTree = "<group>"; };
		43E5AE8B291245E000C74966 /* DispatchQueue.swift */ = {isa = PBXFileReference; lastKnownFileType = sourcecode.swift; path = DispatchQueue.swift; sourceTree = "<group>"; };
		43E64A062928F2BF00FDBF29 /* ScriptWindowController.swift */ = {isa = PBXFileReference; lastKnownFileType = sourcecode.swift; path = ScriptWindowController.swift; sourceTree = "<group>"; };
		43E64A072928F2BF00FDBF29 /* ScriptWindowController.xib */ = {isa = PBXFileReference; lastKnownFileType = file.xib; path = ScriptWindowController.xib; sourceTree = "<group>"; };
		43F987A5292A81D400E5E1DE /* AutoUpdater.swift */ = {isa = PBXFileReference; lastKnownFileType = sourcecode.swift; path = AutoUpdater.swift; sourceTree = "<group>"; };
		43F987A7292A867B00E5E1DE /* UpdatesWindowController.swift */ = {isa = PBXFileReference; lastKnownFileType = sourcecode.swift; path = UpdatesWindowController.swift; sourceTree = "<group>"; };
/* End PBXFileReference section */

/* Begin PBXFrameworksBuildPhase section */
		438241AB2911A9EB00BCC6E3 /* Frameworks */ = {
			isa = PBXFrameworksBuildPhase;
			buildActionMask = 2147483647;
			files = (
			);
			runOnlyForDeploymentPostprocessing = 0;
		};
		43CD621228CE24B000095144 /* Frameworks */ = {
			isa = PBXFrameworksBuildPhase;
			buildActionMask = 2147483647;
			files = (
				43CD622D28CE251F00095144 /* NoiseSerde in Frameworks */,
				43CD622B28CE251F00095144 /* NoiseBackend in Frameworks */,
				43CD622928CE251F00095144 /* Noise in Frameworks */,
			);
			runOnlyForDeploymentPostprocessing = 0;
		};
/* End PBXFrameworksBuildPhase section */

/* Begin PBXGroup section */
		438241AF2911A9EB00BCC6E3 /* FranzCocoaUITests */ = {
			isa = PBXGroup;
			children = (
				438241B02911A9EB00BCC6E3 /* FranzCocoaUITests.swift */,
				438241B22911A9EB00BCC6E3 /* FranzCocoaUITestsLaunchTests.swift */,
			);
			path = FranzCocoaUITests;
			sourceTree = "<group>";
		};
		43CD620C28CE24B000095144 = {
			isa = PBXGroup;
			children = (
				43CD622528CE251600095144 /* Packages */,
				43CD621728CE24B000095144 /* FranzCocoa */,
				438241AF2911A9EB00BCC6E3 /* FranzCocoaUITests */,
				43CD621628CE24B000095144 /* Products */,
				43CD622728CE251F00095144 /* Frameworks */,
			);
			sourceTree = "<group>";
		};
		43CD621628CE24B000095144 /* Products */ = {
			isa = PBXGroup;
			children = (
				43CD621528CE24B000095144 /* Franz.app */,
				438241AE2911A9EB00BCC6E3 /* FranzCocoaUITests.xctest */,
			);
			name = Products;
			sourceTree = "<group>";
		};
		43CD621728CE24B000095144 /* FranzCocoa */ = {
			isa = PBXGroup;
			children = (
				43CD621828CE24B000095144 /* AppDelegate.swift */,
				43CD621A28CE24B100095144 /* Assets.xcassets */,
				43F987A5292A81D400E5E1DE /* AutoUpdater.swift */,
				43CD622E28CE258100095144 /* Backend.swift */,
				43CD623028CE258F00095144 /* BackendExtensions.swift */,
				437887F528E9FE5900D0B263 /* BrokerDetailView.swift */,
				43CD624628CE3B5D00095144 /* ConnectionDetailsFormViewController.swift */,
				43CD624728CE3B5D00095144 /* ConnectionDetailsFormViewController.xib */,
				43804AB628D1A014002880FE /* ConnectionTableCellView.swift */,
				43804AB828D1A026002880FE /* ConnectionTableCellView.xib */,
				43D3AEA728FFD96500D52E92 /* Defaults.swift */,
				43E5AE8B291245E000C74966 /* DispatchQueue.swift */,
				4322BBD82924DED8002358C3 /* Editor.swift */,
				432C24622903F03B00C6F336 /* Error.swift */,
				43CD621F28CE24B100095144 /* FranzCocoa.entitlements */,
				43196F8B28F1DB94003C793B /* GroupDetailView.swift */,
				4395503628FD45B000CC0050 /* GroupOffsetsOutlineViewController.swift */,
				4395503728FD45B000CC0050 /* GroupOffsetsOutlineViewController.xib */,
				43D03DD728FB03940049D44D /* Identifiers.swift */,
				433C5E8A29066310005F4C4B /* Infos.swift */,
				43D03DD328FAC6030049D44D /* Keychain.swift */,
				43D03DD928FB05000049D44D /* MainMenu.swift */,
				43CD621C28CE24B100095144 /* MainMenu.xib */,
				431C698028F2E0C60082986A /* NewTopicFormViewController.swift */,
				431C698128F2E0C60082986A /* NewTopicFormViewController.xib */,
				43D03DD528FAFE3B0049D44D /* Notifications.swift */,
				43D3AEA528FFD8D100D52E92 /* Pasteboard.swift */,
				43D3AEA928FFDF3500D52E92 /* PreferencesWindowController.swift */,
				43D3AEAA28FFDF3500D52E92 /* PreferencesWindowController.xib */,
				43CBADD2290FB8D70066C7CE /* PublishRecordFormViewController.swift */,
				43CBADD3290FB8D70066C7CE /* PublishRecordFormViewController.xib */,
				4396EAD8290576A300A15D25 /* ResourceConfigTableViewController.swift */,
				4396EAD9290576A300A15D25 /* ResourceConfigTableViewController.xib */,
				43CD623228CE25F300095144 /* resources */,
				43E64A062928F2BF00FDBF29 /* ScriptWindowController.swift */,
				43E64A072928F2BF00FDBF29 /* ScriptWindowController.xib */,
				436E720C28D760BF00ECBF49 /* SidebarEntryCellView.swift */,
				436E720E28D760D400ECBF49 /* SidebarEntryCellView.xib */,
				4314EDF728D85E0E00431770 /* SidebarGroupCellView.swift */,
				4314EDF528D85DD800431770 /* SidebarGroupCellView.xib */,
				431C697E28F2C1A70082986A /* StringExtensions.swift */,
				4396EAE02905B0D200A15D25 /* Tabs.swift */,
				43453F3C291505A6000CE90E /* Timed.swift */,
				43196F8928F1DAB2003C793B /* TopicDetailView.swift */,
				437A77DD290D5AA1001965B0 /* TopicRecordsTableViewController.swift */,
				437A77DE290D5AA1001965B0 /* TopicRecordsTableViewController.xib */,
				439D6EAF292F7741005C9935 /* UpdatesProgressWindowController.swift */,
				439D6EB0292F7741005C9935 /* UpdatesProgressWindowController.xib */,
				43F987A7292A867B00E5E1DE /* UpdatesWindowController.swift */,
				43804AB228D19ACD002880FE /* WelcomeWindowConnectionsViewController.swift */,
				43804AB328D19ACD002880FE /* WelcomeWindowConnectionsViewController.xib */,
				43CD623D28CE282400095144 /* WelcomeWindowContentViewController.swift */,
				43CD623C28CE282400095144 /* WelcomeWindowContentViewController.xib */,
				43CD623928CE27DB00095144 /* WelcomeWindowController.swift */,
				43CD623828CE27DB00095144 /* WelcomeWindowController.xib */,
				43CD623628CE27B200095144 /* WindowManager.swift */,
				436E720428D75B0500ECBF49 /* WorkspaceDetailViewController.swift */,
				436E720528D75B0500ECBF49 /* WorkspaceDetailViewController.xib */,
				436E720028D759F400ECBF49 /* WorkspaceSidebarViewController.swift */,
				436E720128D759F400ECBF49 /* WorkspaceSidebarViewController.xib */,
				436E71F828D7511400ECBF49 /* WorkspaceWindowController.swift */,
				436E71F928D7511400ECBF49 /* WorkspaceWindowController.xib */,
			);
			path = FranzCocoa;
			sourceTree = "<group>";
		};
		43CD622528CE251600095144 /* Packages */ = {
			isa = PBXGroup;
			children = (
				43CD623428CE261400095144 /* Noise */,
			);
			name = Packages;
			sourceTree = "<group>";
		};
		43CD622728CE251F00095144 /* Frameworks */ = {
			isa = PBXGroup;
			children = (
			);
			name = Frameworks;
			sourceTree = "<group>";
		};
/* End PBXGroup section */

/* Begin PBXNativeTarget section */
		438241AD2911A9EB00BCC6E3 /* FranzCocoaUITests */ = {
			isa = PBXNativeTarget;
			buildConfigurationList = 438241B82911A9EB00BCC6E3 /* Build configuration list for PBXNativeTarget "FranzCocoaUITests" */;
			buildPhases = (
				438241AA2911A9EB00BCC6E3 /* Sources */,
				438241AB2911A9EB00BCC6E3 /* Frameworks */,
				438241AC2911A9EB00BCC6E3 /* Resources */,
			);
			buildRules = (
			);
			dependencies = (
				438241B52911A9EB00BCC6E3 /* PBXTargetDependency */,
			);
			name = FranzCocoaUITests;
			productName = FranzCocoaUITests;
			productReference = 438241AE2911A9EB00BCC6E3 /* FranzCocoaUITests.xctest */;
			productType = "com.apple.product-type.bundle.ui-testing";
		};
		43CD621428CE24B000095144 /* Franz */ = {
			isa = PBXNativeTarget;
			buildConfigurationList = 43CD622228CE24B100095144 /* Build configuration list for PBXNativeTarget "Franz" */;
			buildPhases = (
				43CD623528CE264A00095144 /* Build Core */,
				43DF4FA929000BFE00E7BB98 /* Run Linter */,
				43CD621128CE24B000095144 /* Sources */,
				43CD621228CE24B000095144 /* Frameworks */,
				43CD621328CE24B000095144 /* Resources */,
			);
			buildRules = (
			);
			dependencies = (
			);
			name = Franz;
			packageProductDependencies = (
				43CD622828CE251F00095144 /* Noise */,
				43CD622A28CE251F00095144 /* NoiseBackend */,
				43CD622C28CE251F00095144 /* NoiseSerde */,
			);
			productName = FranzCocoa;
			productReference = 43CD621528CE24B000095144 /* Franz.app */;
			productType = "com.apple.product-type.application";
		};
/* End PBXNativeTarget section */

/* Begin PBXProject section */
		43CD620D28CE24B000095144 /* Project object */ = {
			isa = PBXProject;
			attributes = {
				BuildIndependentTargetsInParallel = 1;
				LastSwiftUpdateCheck = 1400;
				LastUpgradeCheck = 1340;
				TargetAttributes = {
					438241AD2911A9EB00BCC6E3 = {
						CreatedOnToolsVersion = 14.0;
						TestTargetID = 43CD621428CE24B000095144;
					};
					43CD621428CE24B000095144 = {
						CreatedOnToolsVersion = 13.4.1;
					};
				};
			};
			buildConfigurationList = 43CD621028CE24B000095144 /* Build configuration list for PBXProject "FranzCocoa" */;
			compatibilityVersion = "Xcode 13.0";
			developmentRegion = en;
			hasScannedForEncodings = 0;
			knownRegions = (
				en,
				Base,
			);
			mainGroup = 43CD620C28CE24B000095144;
			productRefGroup = 43CD621628CE24B000095144 /* Products */;
			projectDirPath = "";
			projectRoot = "";
			targets = (
				43CD621428CE24B000095144 /* Franz */,
				438241AD2911A9EB00BCC6E3 /* FranzCocoaUITests */,
			);
		};
/* End PBXProject section */

/* Begin PBXResourcesBuildPhase section */
		438241AC2911A9EB00BCC6E3 /* Resources */ = {
			isa = PBXResourcesBuildPhase;
			buildActionMask = 2147483647;
			files = (
			);
			runOnlyForDeploymentPostprocessing = 0;
		};
		43CD621328CE24B000095144 /* Resources */ = {
			isa = PBXResourcesBuildPhase;
			buildActionMask = 2147483647;
			files = (
				43E64A092928F2BF00FDBF29 /* ScriptWindowController.xib in Resources */,
				43CBADD5290FB8D70066C7CE /* PublishRecordFormViewController.xib in Resources */,
				4395503928FD45B000CC0050 /* GroupOffsetsOutlineViewController.xib in Resources */,
				43CD623A28CE27DB00095144 /* WelcomeWindowController.xib in Resources */,
				436E720F28D760D400ECBF49 /* SidebarEntryCellView.xib in Resources */,
				436E71FB28D7511400ECBF49 /* WorkspaceWindowController.xib in Resources */,
				431C698328F2E0C60082986A /* NewTopicFormViewController.xib in Resources */,
				439D6EB2292F7741005C9935 /* UpdatesProgressWindowController.xib in Resources */,
				43804AB528D19ACD002880FE /* WelcomeWindowConnectionsViewController.xib in Resources */,
				4396EADB290576A300A15D25 /* ResourceConfigTableViewController.xib in Resources */,
				43CD624928CE3B5D00095144 /* ConnectionDetailsFormViewController.xib in Resources */,
				436E720728D75B0500ECBF49 /* WorkspaceDetailViewController.xib in Resources */,
				43CD623F28CE289F00095144 /* WelcomeWindowContentViewController.xib in Resources */,
				4314EDF628D85DD800431770 /* SidebarGroupCellView.xib in Resources */,
				43CD621B28CE24B100095144 /* Assets.xcassets in Resources */,
				43CD623328CE25F300095144 /* resources in Resources */,
				43CD621E28CE24B100095144 /* MainMenu.xib in Resources */,
				43804AB928D1A026002880FE /* ConnectionTableCellView.xib in Resources */,
				43D3AEAC28FFDF3500D52E92 /* PreferencesWindowController.xib in Resources */,
				437A77E0290D5AA1001965B0 /* TopicRecordsTableViewController.xib in Resources */,
				436E720328D759F400ECBF49 /* WorkspaceSidebarViewController.xib in Resources */,
			);
			runOnlyForDeploymentPostprocessing = 0;
		};
/* End PBXResourcesBuildPhase section */

/* Begin PBXShellScriptBuildPhase section */
		43CD623528CE264A00095144 /* Build Core */ = {
			isa = PBXShellScriptBuildPhase;
			alwaysOutOfDate = 1;
			buildActionMask = 2147483647;
			files = (
			);
			inputFileListPaths = (
			);
			inputPaths = (
			);
			name = "Build Core";
			outputFileListPaths = (
			);
			outputPaths = (
			);
			runOnlyForDeploymentPostprocessing = 0;
			shellPath = /bin/sh;
			shellScript = "make\nBin/sign-dylibs\n";
		};
		43DF4FA929000BFE00E7BB98 /* Run Linter */ = {
			isa = PBXShellScriptBuildPhase;
			alwaysOutOfDate = 1;
			buildActionMask = 2147483647;
			files = (
			);
			inputFileListPaths = (
			);
			inputPaths = (
			);
			name = "Run Linter";
			outputFileListPaths = (
			);
			outputPaths = (
			);
			runOnlyForDeploymentPostprocessing = 0;
			shellPath = /bin/sh;
			shellScript = "if which swiftlint >/dev/null; then\n  swiftlint\nelse\n  echo \"warning: SwiftLint not installed, download from https://github.com/realm/SwiftLint\"\nfi\n";
		};
/* End PBXShellScriptBuildPhase section */

/* Begin PBXSourcesBuildPhase section */
		438241AA2911A9EB00BCC6E3 /* Sources */ = {
			isa = PBXSourcesBuildPhase;
			buildActionMask = 2147483647;
			files = (
				438241B32911A9EB00BCC6E3 /* FranzCocoaUITestsLaunchTests.swift in Sources */,
				438241B12911A9EB00BCC6E3 /* FranzCocoaUITests.swift in Sources */,
			);
			runOnlyForDeploymentPostprocessing = 0;
		};
		43CD621128CE24B000095144 /* Sources */ = {
			isa = PBXSourcesBuildPhase;
			buildActionMask = 2147483647;
			files = (
				43196F8C28F1DB94003C793B /* GroupDetailView.swift in Sources */,
				43D3AEA828FFD96500D52E92 /* Defaults.swift in Sources */,
				43CD622F28CE258100095144 /* Backend.swift in Sources */,
				431C697F28F2C1A70082986A /* StringExtensions.swift in Sources */,
				436E720228D759F400ECBF49 /* WorkspaceSidebarViewController.swift in Sources */,
				43804AB728D1A014002880FE /* ConnectionTableCellView.swift in Sources */,
				43E64A082928F2BF00FDBF29 /* ScriptWindowController.swift in Sources */,
				436E720628D75B0500ECBF49 /* WorkspaceDetailViewController.swift in Sources */,
				4396EADA290576A300A15D25 /* ResourceConfigTableViewController.swift in Sources */,
				431C698228F2E0C60082986A /* NewTopicFormViewController.swift in Sources */,
				43F987A8292A867B00E5E1DE /* UpdatesWindowController.swift in Sources */,
				4322BBD92924DED8002358C3 /* Editor.swift in Sources */,
				43453F3D291505A6000CE90E /* Timed.swift in Sources */,
				43E5AE8C291245E000C74966 /* DispatchQueue.swift in Sources */,
				43CD624828CE3B5D00095144 /* ConnectionDetailsFormViewController.swift in Sources */,
				439D6EB1292F7741005C9935 /* UpdatesProgressWindowController.swift in Sources */,
				4395503828FD45B000CC0050 /* GroupOffsetsOutlineViewController.swift in Sources */,
				43196F8A28F1DAB2003C793B /* TopicDetailView.swift in Sources */,
				43D03DD428FAC6030049D44D /* Keychain.swift in Sources */,
				432C24632903F03B00C6F336 /* Error.swift in Sources */,
				43D03DD828FB03940049D44D /* Identifiers.swift in Sources */,
				43CD623B28CE27DB00095144 /* WelcomeWindowController.swift in Sources */,
				43D03DDA28FB05000049D44D /* MainMenu.swift in Sources */,
				43D3AEAB28FFDF3500D52E92 /* PreferencesWindowController.swift in Sources */,
				43CD623728CE27B200095144 /* WindowManager.swift in Sources */,
				43CD621928CE24B000095144 /* AppDelegate.swift in Sources */,
				43F987A6292A81D400E5E1DE /* AutoUpdater.swift in Sources */,
				43804AB428D19ACD002880FE /* WelcomeWindowConnectionsViewController.swift in Sources */,
				43CBADD4290FB8D70066C7CE /* PublishRecordFormViewController.swift in Sources */,
				43CD623128CE258F00095144 /* BackendExtensions.swift in Sources */,
				43D03DD628FAFE3B0049D44D /* Notifications.swift in Sources */,
				4396EAE12905B0D200A15D25 /* Tabs.swift in Sources */,
				437A77DF290D5AA1001965B0 /* TopicRecordsTableViewController.swift in Sources */,
				43CD623E28CE282400095144 /* WelcomeWindowContentViewController.swift in Sources */,
				4314EDF828D85E0E00431770 /* SidebarGroupCellView.swift in Sources */,
				436E71FA28D7511400ECBF49 /* WorkspaceWindowController.swift in Sources */,
				43D3AEA628FFD8D100D52E92 /* Pasteboard.swift in Sources */,
				433C5E8B29066310005F4C4B /* Infos.swift in Sources */,
				437887F628E9FE5900D0B263 /* BrokerDetailView.swift in Sources */,
				436E720D28D760BF00ECBF49 /* SidebarEntryCellView.swift in Sources */,
			);
			runOnlyForDeploymentPostprocessing = 0;
		};
/* End PBXSourcesBuildPhase section */

/* Begin PBXTargetDependency section */
		438241B52911A9EB00BCC6E3 /* PBXTargetDependency */ = {
			isa = PBXTargetDependency;
			target = 43CD621428CE24B000095144 /* Franz */;
			targetProxy = 438241B42911A9EB00BCC6E3 /* PBXContainerItemProxy */;
		};
/* End PBXTargetDependency section */

/* Begin PBXVariantGroup section */
		43CD621C28CE24B100095144 /* MainMenu.xib */ = {
			isa = PBXVariantGroup;
			children = (
				43CD621D28CE24B100095144 /* Base */,
			);
			name = MainMenu.xib;
			sourceTree = "<group>";
		};
/* End PBXVariantGroup section */

/* Begin XCBuildConfiguration section */
		438241B62911A9EB00BCC6E3 /* Debug */ = {
			isa = XCBuildConfiguration;
			buildSettings = {
				CLANG_CXX_LANGUAGE_STANDARD = "gnu++20";
				CODE_SIGN_STYLE = Automatic;
				CURRENT_PROJECT_VERSION = 1;
				DEVELOPMENT_TEAM = H3YE679B58;
				GENERATE_INFOPLIST_FILE = YES;
				MARKETING_VERSION = 1.0;
				PRODUCT_BUNDLE_IDENTIFIER = io.defn.FranzCocoaUITests;
				PRODUCT_NAME = "$(TARGET_NAME)";
				SWIFT_EMIT_LOC_STRINGS = NO;
				SWIFT_VERSION = 5.0;
				TEST_TARGET_NAME = Franz;
			};
			name = Debug;
		};
		438241B72911A9EB00BCC6E3 /* Release */ = {
			isa = XCBuildConfiguration;
			buildSettings = {
				CLANG_CXX_LANGUAGE_STANDARD = "gnu++20";
				CODE_SIGN_STYLE = Automatic;
				CURRENT_PROJECT_VERSION = 1;
				DEVELOPMENT_TEAM = H3YE679B58;
				GENERATE_INFOPLIST_FILE = YES;
				MARKETING_VERSION = 1.0;
				PRODUCT_BUNDLE_IDENTIFIER = io.defn.FranzCocoaUITests;
				PRODUCT_NAME = "$(TARGET_NAME)";
				SWIFT_EMIT_LOC_STRINGS = NO;
				SWIFT_VERSION = 5.0;
				TEST_TARGET_NAME = Franz;
			};
			name = Release;
		};
		43CD622028CE24B100095144 /* Debug */ = {
			isa = XCBuildConfiguration;
			buildSettings = {
				ALWAYS_SEARCH_USER_PATHS = NO;
				CLANG_ANALYZER_NONNULL = YES;
				CLANG_ANALYZER_NUMBER_OBJECT_CONVERSION = YES_AGGRESSIVE;
				CLANG_CXX_LANGUAGE_STANDARD = "gnu++17";
				CLANG_ENABLE_MODULES = YES;
				CLANG_ENABLE_OBJC_ARC = YES;
				CLANG_ENABLE_OBJC_WEAK = YES;
				CLANG_WARN_BLOCK_CAPTURE_AUTORELEASING = YES;
				CLANG_WARN_BOOL_CONVERSION = YES;
				CLANG_WARN_COMMA = YES;
				CLANG_WARN_CONSTANT_CONVERSION = YES;
				CLANG_WARN_DEPRECATED_OBJC_IMPLEMENTATIONS = YES;
				CLANG_WARN_DIRECT_OBJC_ISA_USAGE = YES_ERROR;
				CLANG_WARN_DOCUMENTATION_COMMENTS = YES;
				CLANG_WARN_EMPTY_BODY = YES;
				CLANG_WARN_ENUM_CONVERSION = YES;
				CLANG_WARN_INFINITE_RECURSION = YES;
				CLANG_WARN_INT_CONVERSION = YES;
				CLANG_WARN_NON_LITERAL_NULL_CONVERSION = YES;
				CLANG_WARN_OBJC_IMPLICIT_RETAIN_SELF = YES;
				CLANG_WARN_OBJC_LITERAL_CONVERSION = YES;
				CLANG_WARN_OBJC_ROOT_CLASS = YES_ERROR;
				CLANG_WARN_QUOTED_INCLUDE_IN_FRAMEWORK_HEADER = YES;
				CLANG_WARN_RANGE_LOOP_ANALYSIS = YES;
				CLANG_WARN_STRICT_PROTOTYPES = YES;
				CLANG_WARN_SUSPICIOUS_MOVE = YES;
				CLANG_WARN_UNGUARDED_AVAILABILITY = YES_AGGRESSIVE;
				CLANG_WARN_UNREACHABLE_CODE = YES;
				CLANG_WARN__DUPLICATE_METHOD_MATCH = YES;
				COPY_PHASE_STRIP = NO;
				DEBUG_INFORMATION_FORMAT = dwarf;
				ENABLE_STRICT_OBJC_MSGSEND = YES;
				ENABLE_TESTABILITY = YES;
				GCC_C_LANGUAGE_STANDARD = gnu11;
				GCC_DYNAMIC_NO_PIC = NO;
				GCC_NO_COMMON_BLOCKS = YES;
				GCC_OPTIMIZATION_LEVEL = 0;
				GCC_PREPROCESSOR_DEFINITIONS = (
					"DEBUG=1",
					"$(inherited)",
				);
				GCC_WARN_64_TO_32_BIT_CONVERSION = YES;
				GCC_WARN_ABOUT_RETURN_TYPE = YES_ERROR;
				GCC_WARN_UNDECLARED_SELECTOR = YES;
				GCC_WARN_UNINITIALIZED_AUTOS = YES_AGGRESSIVE;
				GCC_WARN_UNUSED_FUNCTION = YES;
				GCC_WARN_UNUSED_VARIABLE = YES;
				MACOSX_DEPLOYMENT_TARGET = 12.3;
				MTL_ENABLE_DEBUG_INFO = INCLUDE_SOURCE;
				MTL_FAST_MATH = YES;
				ONLY_ACTIVE_ARCH = YES;
				SDKROOT = macosx;
				SWIFT_ACTIVE_COMPILATION_CONDITIONS = DEBUG;
				SWIFT_OPTIMIZATION_LEVEL = "-Onone";
			};
			name = Debug;
		};
		43CD622128CE24B100095144 /* Release */ = {
			isa = XCBuildConfiguration;
			buildSettings = {
				ALWAYS_SEARCH_USER_PATHS = NO;
				CLANG_ANALYZER_NONNULL = YES;
				CLANG_ANALYZER_NUMBER_OBJECT_CONVERSION = YES_AGGRESSIVE;
				CLANG_CXX_LANGUAGE_STANDARD = "gnu++17";
				CLANG_ENABLE_MODULES = YES;
				CLANG_ENABLE_OBJC_ARC = YES;
				CLANG_ENABLE_OBJC_WEAK = YES;
				CLANG_WARN_BLOCK_CAPTURE_AUTORELEASING = YES;
				CLANG_WARN_BOOL_CONVERSION = YES;
				CLANG_WARN_COMMA = YES;
				CLANG_WARN_CONSTANT_CONVERSION = YES;
				CLANG_WARN_DEPRECATED_OBJC_IMPLEMENTATIONS = YES;
				CLANG_WARN_DIRECT_OBJC_ISA_USAGE = YES_ERROR;
				CLANG_WARN_DOCUMENTATION_COMMENTS = YES;
				CLANG_WARN_EMPTY_BODY = YES;
				CLANG_WARN_ENUM_CONVERSION = YES;
				CLANG_WARN_INFINITE_RECURSION = YES;
				CLANG_WARN_INT_CONVERSION = YES;
				CLANG_WARN_NON_LITERAL_NULL_CONVERSION = YES;
				CLANG_WARN_OBJC_IMPLICIT_RETAIN_SELF = YES;
				CLANG_WARN_OBJC_LITERAL_CONVERSION = YES;
				CLANG_WARN_OBJC_ROOT_CLASS = YES_ERROR;
				CLANG_WARN_QUOTED_INCLUDE_IN_FRAMEWORK_HEADER = YES;
				CLANG_WARN_RANGE_LOOP_ANALYSIS = YES;
				CLANG_WARN_STRICT_PROTOTYPES = YES;
				CLANG_WARN_SUSPICIOUS_MOVE = YES;
				CLANG_WARN_UNGUARDED_AVAILABILITY = YES_AGGRESSIVE;
				CLANG_WARN_UNREACHABLE_CODE = YES;
				CLANG_WARN__DUPLICATE_METHOD_MATCH = YES;
				COPY_PHASE_STRIP = NO;
				DEBUG_INFORMATION_FORMAT = "dwarf-with-dsym";
				ENABLE_NS_ASSERTIONS = NO;
				ENABLE_STRICT_OBJC_MSGSEND = YES;
				GCC_C_LANGUAGE_STANDARD = gnu11;
				GCC_NO_COMMON_BLOCKS = YES;
				GCC_WARN_64_TO_32_BIT_CONVERSION = YES;
				GCC_WARN_ABOUT_RETURN_TYPE = YES_ERROR;
				GCC_WARN_UNDECLARED_SELECTOR = YES;
				GCC_WARN_UNINITIALIZED_AUTOS = YES_AGGRESSIVE;
				GCC_WARN_UNUSED_FUNCTION = YES;
				GCC_WARN_UNUSED_VARIABLE = YES;
				MACOSX_DEPLOYMENT_TARGET = 12.3;
				MTL_ENABLE_DEBUG_INFO = NO;
				MTL_FAST_MATH = YES;
				SDKROOT = macosx;
				SWIFT_COMPILATION_MODE = wholemodule;
				SWIFT_OPTIMIZATION_LEVEL = "-O";
			};
			name = Release;
		};
		43CD622328CE24B100095144 /* Debug */ = {
			isa = XCBuildConfiguration;
			buildSettings = {
				ASSETCATALOG_COMPILER_APPICON_NAME = AppIcon;
				ASSETCATALOG_COMPILER_GLOBAL_ACCENT_COLOR_NAME = AccentColor;
				ASSETCATALOG_COMPILER_INCLUDE_ALL_APPICON_ASSETS = YES;
				CODE_SIGN_ENTITLEMENTS = FranzCocoa/FranzCocoa.entitlements;
				CODE_SIGN_STYLE = Automatic;
				COMBINE_HIDPI_IMAGES = YES;
				CURRENT_PROJECT_VERSION = 3;
				DEVELOPMENT_TEAM = H3YE679B58;
				ENABLE_HARDENED_RUNTIME = YES;
				GENERATE_INFOPLIST_FILE = YES;
				INFOPLIST_KEY_LSApplicationCategoryType = "public.app-category.developer-tools";
				INFOPLIST_KEY_NSHumanReadableCopyright = "";
				INFOPLIST_KEY_NSMainNibFile = MainMenu;
				INFOPLIST_KEY_NSPrincipalClass = NSApplication;
				LD_RUNPATH_SEARCH_PATHS = (
					"$(inherited)",
					"@executable_path/../Frameworks",
				);
				MARKETING_VERSION = 1.0;
				PRODUCT_BUNDLE_IDENTIFIER = io.defn.Franz;
				PRODUCT_NAME = "$(TARGET_NAME)";
				SWIFT_EMIT_LOC_STRINGS = YES;
				SWIFT_VERSION = 5.0;
			};
			name = Debug;
		};
		43CD622428CE24B100095144 /* Release */ = {
			isa = XCBuildConfiguration;
			buildSettings = {
				ASSETCATALOG_COMPILER_APPICON_NAME = AppIcon;
				ASSETCATALOG_COMPILER_GLOBAL_ACCENT_COLOR_NAME = AccentColor;
				ASSETCATALOG_COMPILER_INCLUDE_ALL_APPICON_ASSETS = YES;
				CODE_SIGN_ENTITLEMENTS = FranzCocoa/FranzCocoa.entitlements;
				CODE_SIGN_STYLE = Automatic;
				COMBINE_HIDPI_IMAGES = YES;
				CURRENT_PROJECT_VERSION = 3;
				DEVELOPMENT_TEAM = H3YE679B58;
				ENABLE_HARDENED_RUNTIME = YES;
				GENERATE_INFOPLIST_FILE = YES;
				INFOPLIST_KEY_LSApplicationCategoryType = "public.app-category.developer-tools";
				INFOPLIST_KEY_NSHumanReadableCopyright = "";
				INFOPLIST_KEY_NSMainNibFile = MainMenu;
				INFOPLIST_KEY_NSPrincipalClass = NSApplication;
				LD_RUNPATH_SEARCH_PATHS = (
					"$(inherited)",
					"@executable_path/../Frameworks",
				);
				MARKETING_VERSION = 1.0;
				PRODUCT_BUNDLE_IDENTIFIER = io.defn.Franz;
				PRODUCT_NAME = "$(TARGET_NAME)";
				SWIFT_EMIT_LOC_STRINGS = YES;
				SWIFT_VERSION = 5.0;
			};
			name = Release;
		};
/* End XCBuildConfiguration section */

/* Begin XCConfigurationList section */
		438241B82911A9EB00BCC6E3 /* Build configuration list for PBXNativeTarget "FranzCocoaUITests" */ = {
			isa = XCConfigurationList;
			buildConfigurations = (
				438241B62911A9EB00BCC6E3 /* Debug */,
				438241B72911A9EB00BCC6E3 /* Release */,
			);
			defaultConfigurationIsVisible = 0;
			defaultConfigurationName = Release;
		};
		43CD621028CE24B000095144 /* Build configuration list for PBXProject "FranzCocoa" */ = {
			isa = XCConfigurationList;
			buildConfigurations = (
				43CD622028CE24B100095144 /* Debug */,
				43CD622128CE24B100095144 /* Release */,
			);
			defaultConfigurationIsVisible = 0;
			defaultConfigurationName = Release;
		};
		43CD622228CE24B100095144 /* Build configuration list for PBXNativeTarget "Franz" */ = {
			isa = XCConfigurationList;
			buildConfigurations = (
				43CD622328CE24B100095144 /* Debug */,
				43CD622428CE24B100095144 /* Release */,
			);
			defaultConfigurationIsVisible = 0;
			defaultConfigurationName = Release;
		};
/* End XCConfigurationList section */

/* Begin XCSwiftPackageProductDependency section */
		43CD622828CE251F00095144 /* Noise */ = {
			isa = XCSwiftPackageProductDependency;
			productName = Noise;
		};
		43CD622A28CE251F00095144 /* NoiseBackend */ = {
			isa = XCSwiftPackageProductDependency;
			productName = NoiseBackend;
		};
		43CD622C28CE251F00095144 /* NoiseSerde */ = {
			isa = XCSwiftPackageProductDependency;
			productName = NoiseSerde;
		};
/* End XCSwiftPackageProductDependency section */
	};
	rootObject = 43CD620D28CE24B000095144 /* Project object */;
}
